
Microsoft Visual Studio Solution File, Format Version 12.00
Project("{FAE04EC0-301F-11D3-BF4B-00C04F79EFBC}") = "Watches-v6", "Watches-v6\Watches-v6.csproj", "{248C14C4-DF45-4561-9995-B54D425A4CF6}"
EndProject
Global
	GlobalSection(SolutionConfigurationPlatforms) = preSolution
		Debug|Any CPU = Debug|Any CPU
		Release|Any CPU = Release|Any CPU
	EndGlobalSection
	GlobalSection(ProjectConfigurationPlatforms) = postSolution
		{248C14C4-DF45-4561-9995-B54D425A4CF6}.Debug|Any CPU.ActiveCfg = Debug|Any CPU
		{248C14C4-DF45-4561-9995-B54D425A4CF6}.Debug|Any CPU.Build.0 = Debug|Any CPU
		{248C14C4-DF45-4561-9995-B54D425A4CF6}.Release|Any CPU.ActiveCfg = Release|Any CPU
		{248C14C4-DF45-4561-9995-B54D425A4CF6}.Release|Any CPU.Build.0 = Release|Any CPU
	EndGlobalSection
EndGlobal
